version: 1.0
shards:
  bindata:
    github: spider-gazelle/bindata
    version: 1.2.0

  bson:
    github: jeromegn/bson.cr
    version: 0.1.5

  db:
    github: crystal-lang/crystal-db
    version: 0.8.0

  exception_page:
    github: crystal-loot/exception_page
    version: 0.1.4

  jwt:
    github: crystal-community/jwt
    version: 1.4.0

  kemal:
    github: kemalcr/kemal
    version: 0.26.1

  kemal-auth-token:
    github: akwiatkowski/kemal-auth-token
    commit: 4ce8d1c23ac90f7feea3cdda9ba2483d2cf029a3

  kilt:
    github: jeromegn/kilt
    version: 0.4.0

  mongo:
    github: kimvex/mongodb-crystal
    commit: 7914bf400555483dfebeca13ff59920b8683461e

  mysql:
    github: crystal-lang/crystal-mysql
    version: 0.10.0

  openssl_ext:
    github: stakach/openssl_ext
    version: 1.2.0

  pool:
    github: ysbaddaden/pool
    version: 0.2.3

  radix:
    github: luislavena/radix
    version: 0.3.9

  redis:
    github: stefanwille/crystal-redis
    version: 2.1.1

